// !$*UTF8*$!
{
	archiveVersion = 1;
	classes = {
	};
	objectVersion = 56;
	objects = {

/* Begin PBXBuildFile section */
		7DD977182C6756C6008831EA /* orderListApp.swift in Sources */ = {isa = PBXBuildFile; fileRef = 7DD977172C6756C6008831EA /* orderListApp.swift */; };
		7DD9771C2C6756C8008831EA /* Assets.xcassets in Resources */ = {isa = PBXBuildFile; fileRef = 7DD9771B2C6756C8008831EA /* Assets.xcassets */; };
		7DD9771F2C6756C8008831EA /* Preview Assets.xcassets in Resources */ = {isa = PBXBuildFile; fileRef = 7DD9771E2C6756C8008831EA /* Preview Assets.xcassets */; };
		7DD977362C6773E6008831EA /* Utils in Frameworks */ = {isa = PBXBuildFile; productRef = 7DD977352C6773E6008831EA /* Utils */; };
		7DD9773A2C677BAB008831EA /* MainView.swift in Sources */ = {isa = PBXBuildFile; fileRef = 7DD977392C677BAB008831EA /* MainView.swift */; };
		7DD9773C2C67868F008831EA /* Color.swift in Sources */ = {isa = PBXBuildFile; fileRef = 7DD9773B2C67868E008831EA /* Color.swift */; };
		7DD9774F2C68DD5A008831EA /* MainViewModel.swift in Sources */ = {isa = PBXBuildFile; fileRef = 7DD9774E2C68DD5A008831EA /* MainViewModel.swift */; };
		7DD977512C68DD7D008831EA /* MainViewModelProtocol.swift in Sources */ = {isa = PBXBuildFile; fileRef = 7DD977502C68DD7D008831EA /* MainViewModelProtocol.swift */; };
		7DD977532C68DE22008831EA /* MainData.swift in Sources */ = {isa = PBXBuildFile; fileRef = 7DD977522C68DE22008831EA /* MainData.swift */; };
		7DD977552C68DE54008831EA /* MainModel.swift in Sources */ = {isa = PBXBuildFile; fileRef = 7DD977542C68DE54008831EA /* MainModel.swift */; };
		7DD9775B2C68FA94008831EA /* CartView.swift in Sources */ = {isa = PBXBuildFile; fileRef = 7DD9775A2C68FA93008831EA /* CartView.swift */; };
		7DD9775D2C690D95008831EA /* CartItem.swift in Sources */ = {isa = PBXBuildFile; fileRef = 7DD9775C2C690D94008831EA /* CartItem.swift */; };
/* End PBXBuildFile section */

/* Begin PBXFileReference section */
		7DD977142C6756C6008831EA /* orderList.app */ = {isa = PBXFileReference; explicitFileType = wrapper.application; includeInIndex = 0; path = orderList.app; sourceTree = BUILT_PRODUCTS_DIR; };
		7DD977172C6756C6008831EA /* orderListApp.swift */ = {isa = PBXFileReference; lastKnownFileType = sourcecode.swift; path = orderListApp.swift; sourceTree = "<group>"; };
		7DD9771B2C6756C8008831EA /* Assets.xcassets */ = {isa = PBXFileReference; lastKnownFileType = folder.assetcatalog; path = Assets.xcassets; sourceTree = "<group>"; };
		7DD9771E2C6756C8008831EA /* Preview Assets.xcassets */ = {isa = PBXFileReference; lastKnownFileType = folder.assetcatalog; path = "Preview Assets.xcassets"; sourceTree = "<group>"; };
		7DD977332C6773C7008831EA /* Utils */ = {isa = PBXFileReference; lastKnownFileType = wrapper; name = Utils; path = Packages/Utils; sourceTree = SOURCE_ROOT; };
		7DD977392C677BAB008831EA /* MainView.swift */ = {isa = PBXFileReference; lastKnownFileType = sourcecode.swift; path = MainView.swift; sourceTree = "<group>"; };
		7DD9773B2C67868E008831EA /* Color.swift */ = {isa = PBXFileReference; lastKnownFileType = sourcecode.swift; path = Color.swift; sourceTree = "<group>"; };
		7DD9774E2C68DD5A008831EA /* MainViewModel.swift */ = {isa = PBXFileReference; lastKnownFileType = sourcecode.swift; path = MainViewModel.swift; sourceTree = "<group>"; };
		7DD977502C68DD7D008831EA /* MainViewModelProtocol.swift */ = {isa = PBXFileReference; lastKnownFileType = sourcecode.swift; path = MainViewModelProtocol.swift; sourceTree = "<group>"; };
		7DD977522C68DE22008831EA /* MainData.swift */ = {isa = PBXFileReference; lastKnownFileType = sourcecode.swift; path = MainData.swift; sourceTree = "<group>"; };
		7DD977542C68DE54008831EA /* MainModel.swift */ = {isa = PBXFileReference; lastKnownFileType = sourcecode.swift; path = MainModel.swift; sourceTree = "<group>"; };
		7DD9775A2C68FA93008831EA /* CartView.swift */ = {isa = PBXFileReference; lastKnownFileType = sourcecode.swift; path = CartView.swift; sourceTree = "<group>"; };
		7DD9775C2C690D94008831EA /* CartItem.swift */ = {isa = PBXFileReference; lastKnownFileType = sourcecode.swift; path = CartItem.swift; sourceTree = "<group>"; };
/* End PBXFileReference section */

/* Begin PBXFrameworksBuildPhase section */
		7DD977112C6756C6008831EA /* Frameworks */ = {
			isa = PBXFrameworksBuildPhase;
			buildActionMask = 2147483647;
			files = (
				7DD977362C6773E6008831EA /* Utils in Frameworks */,
			);
			runOnlyForDeploymentPostprocessing = 0;
		};
/* End PBXFrameworksBuildPhase section */

/* Begin PBXGroup section */
		7DD9770B2C6756C6008831EA = {
			isa = PBXGroup;
			children = (
				7DD977382C677468008831EA /* Packages */,
				7DD977162C6756C6008831EA /* orderList */,
				7DD977152C6756C6008831EA /* Products */,
				7DD977342C6773E6008831EA /* Frameworks */,
			);
			sourceTree = "<group>";
		};
		7DD977152C6756C6008831EA /* Products */ = {
			isa = PBXGroup;
			children = (
				7DD977142C6756C6008831EA /* orderList.app */,
			);
			name = Products;
			sourceTree = "<group>";
		};
		7DD977162C6756C6008831EA /* orderList */ = {
			isa = PBXGroup;
			children = (
				7DD977172C6756C6008831EA /* orderListApp.swift */,
				7DD9773E2C67877B008831EA /* Main */,
				7DD9775E2C691AB9008831EA /* Cart */,
				7DD9773D2C678694008831EA /* Extensions */,
				7DD9771B2C6756C8008831EA /* Assets.xcassets */,
				7DD9771D2C6756C8008831EA /* Preview Content */,
			);
			path = orderList;
			sourceTree = "<group>";
		};
		7DD9771D2C6756C8008831EA /* Preview Content */ = {
			isa = PBXGroup;
			children = (
				7DD9771E2C6756C8008831EA /* Preview Assets.xcassets */,
			);
			path = "Preview Content";
			sourceTree = "<group>";
		};
		7DD977342C6773E6008831EA /* Frameworks */ = {
			isa = PBXGroup;
			children = (
			);
			name = Frameworks;
			sourceTree = "<group>";
		};
		7DD977382C677468008831EA /* Packages */ = {
			isa = PBXGroup;
			children = (
				7DD977332C6773C7008831EA /* Utils */,
			);
			path = Packages;
			sourceTree = "<group>";
		};
		7DD9773D2C678694008831EA /* Extensions */ = {
			isa = PBXGroup;
			children = (
				7DD9773B2C67868E008831EA /* Color.swift */,
			);
			path = Extensions;
			sourceTree = "<group>";
		};
		7DD9773E2C67877B008831EA /* Main */ = {
			isa = PBXGroup;
			children = (
				7DD977562C68EFE4008831EA /* View */,
				7DD977572C68EFF3008831EA /* ViewModel */,
				7DD977582C68F004008831EA /* Data */,
				7DD977592C68F00E008831EA /* Networking */,
			);
			path = Main;
			sourceTree = "<group>";
		};
		7DD977562C68EFE4008831EA /* View */ = {
			isa = PBXGroup;
			children = (
				7DD977392C677BAB008831EA /* MainView.swift */,
			);
			path = View;
			sourceTree = "<group>";
		};
		7DD977572C68EFF3008831EA /* ViewModel */ = {
			isa = PBXGroup;
			children = (
				7DD9774E2C68DD5A008831EA /* MainViewModel.swift */,
				7DD977502C68DD7D008831EA /* MainViewModelProtocol.swift */,
			);
			path = ViewModel;
			sourceTree = "<group>";
		};
		7DD977582C68F004008831EA /* Data */ = {
			isa = PBXGroup;
			children = (
				7DD977522C68DE22008831EA /* MainData.swift */,
			);
			path = Data;
			sourceTree = "<group>";
		};
		7DD977592C68F00E008831EA /* Networking */ = {
			isa = PBXGroup;
			children = (
				7DD977542C68DE54008831EA /* MainModel.swift */,
			);
			path = Networking;
			sourceTree = "<group>";
		};
		7DD9775E2C691AB9008831EA /* Cart */ = {
			isa = PBXGroup;
			children = (
				7DD977602C691AD8008831EA /* View */,
				7DD9775F2C691ACE008831EA /* Data */,
			);
			path = Cart;
			sourceTree = "<group>";
		};
		7DD9775F2C691ACE008831EA /* Data */ = {
			isa = PBXGroup;
			children = (
				7DD9775C2C690D94008831EA /* CartItem.swift */,
			);
			path = Data;
			sourceTree = "<group>";
		};
		7DD977602C691AD8008831EA /* View */ = {
			isa = PBXGroup;
			children = (
				7DD9775A2C68FA93008831EA /* CartView.swift */,
			);
			path = View;
			sourceTree = "<group>";
		};
/* End PBXGroup section */

/* Begin PBXNativeTarget section */
		7DD977132C6756C6008831EA /* orderList */ = {
			isa = PBXNativeTarget;
			buildConfigurationList = 7DD977222C6756C8008831EA /* Build configuration list for PBXNativeTarget "orderList" */;
			buildPhases = (
				7DD977102C6756C6008831EA /* Sources */,
				7DD977112C6756C6008831EA /* Frameworks */,
				7DD977122C6756C6008831EA /* Resources */,
			);
			buildRules = (
			);
			dependencies = (
			);
			name = orderList;
			packageProductDependencies = (
				7DD977352C6773E6008831EA /* Utils */,
			);
			productName = orderList;
			productReference = 7DD977142C6756C6008831EA /* orderList.app */;
			productType = "com.apple.product-type.application";
		};
/* End PBXNativeTarget section */

/* Begin PBXProject section */
		7DD9770C2C6756C6008831EA /* Project object */ = {
			isa = PBXProject;
			attributes = {
				BuildIndependentTargetsInParallel = 1;
				LastSwiftUpdateCheck = 1530;
				LastUpgradeCheck = 1530;
				TargetAttributes = {
					7DD977132C6756C6008831EA = {
						CreatedOnToolsVersion = 15.3;
					};
				};
			};
			buildConfigurationList = 7DD9770F2C6756C6008831EA /* Build configuration list for PBXProject "orderList" */;
			compatibilityVersion = "Xcode 14.0";
			developmentRegion = en;
			hasScannedForEncodings = 0;
			knownRegions = (
				en,
				Base,
			);
			mainGroup = 7DD9770B2C6756C6008831EA;
			productRefGroup = 7DD977152C6756C6008831EA /* Products */;
			projectDirPath = "";
			projectRoot = "";
			targets = (
				7DD977132C6756C6008831EA /* orderList */,
			);
		};
/* End PBXProject section */

/* Begin PBXResourcesBuildPhase section */
		7DD977122C6756C6008831EA /* Resources */ = {
			isa = PBXResourcesBuildPhase;
			buildActionMask = 2147483647;
			files = (
				7DD9771F2C6756C8008831EA /* Preview Assets.xcassets in Resources */,
				7DD9771C2C6756C8008831EA /* Assets.xcassets in Resources */,
			);
			runOnlyForDeploymentPostprocessing = 0;
		};
/* End PBXResourcesBuildPhase section */

/* Begin PBXSourcesBuildPhase section */
		7DD977102C6756C6008831EA /* Sources */ = {
			isa = PBXSourcesBuildPhase;
			buildActionMask = 2147483647;
			files = (
				7DD9775B2C68FA94008831EA /* CartView.swift in Sources */,
				7DD9773A2C677BAB008831EA /* MainView.swift in Sources */,
				7DD977512C68DD7D008831EA /* MainViewModelProtocol.swift in Sources */,
				7DD9773C2C67868F008831EA /* Color.swift in Sources */,
				7DD9774F2C68DD5A008831EA /* MainViewModel.swift in Sources */,
				7DD977182C6756C6008831EA /* orderListApp.swift in Sources */,
				7DD977552C68DE54008831EA /* MainModel.swift in Sources */,
				7DD9775D2C690D95008831EA /* CartItem.swift in Sources */,
				7DD977532C68DE22008831EA /* MainData.swift in Sources */,
			);
			runOnlyForDeploymentPostprocessing = 0;
		};
/* End PBXSourcesBuildPhase section */

/* Begin XCBuildConfiguration section */
		7DD977202C6756C8008831EA /* Debug */ = {
			isa = XCBuildConfiguration;
			buildSettings = {
				ALWAYS_SEARCH_USER_PATHS = NO;
				ASSETCATALOG_COMPILER_GENERATE_SWIFT_ASSET_SYMBOL_EXTENSIONS = YES;
				CLANG_ANALYZER_NONNULL = YES;
				CLANG_ANALYZER_NUMBER_OBJECT_CONVERSION = YES_AGGRESSIVE;
				CLANG_CXX_LANGUAGE_STANDARD = "gnu++20";
				CLANG_ENABLE_MODULES = YES;
				CLANG_ENABLE_OBJC_ARC = YES;
				CLANG_ENABLE_OBJC_WEAK = YES;
				CLANG_WARN_BLOCK_CAPTURE_AUTORELEASING = YES;
				CLANG_WARN_BOOL_CONVERSION = YES;
				CLANG_WARN_COMMA = YES;
				CLANG_WARN_CONSTANT_CONVERSION = YES;
				CLANG_WARN_DEPRECATED_OBJC_IMPLEMENTATIONS = YES;
				CLANG_WARN_DIRECT_OBJC_ISA_USAGE = YES_ERROR;
				CLANG_WARN_DOCUMENTATION_COMMENTS = YES;
				CLANG_WARN_EMPTY_BODY = YES;
				CLANG_WARN_ENUM_CONVERSION = YES;
				CLANG_WARN_INFINITE_RECURSION = YES;
				CLANG_WARN_INT_CONVERSION = YES;
				CLANG_WARN_NON_LITERAL_NULL_CONVERSION = YES;
				CLANG_WARN_OBJC_IMPLICIT_RETAIN_SELF = YES;
				CLANG_WARN_OBJC_LITERAL_CONVERSION = YES;
				CLANG_WARN_OBJC_ROOT_CLASS = YES_ERROR;
				CLANG_WARN_QUOTED_INCLUDE_IN_FRAMEWORK_HEADER = YES;
				CLANG_WARN_RANGE_LOOP_ANALYSIS = YES;
				CLANG_WARN_STRICT_PROTOTYPES = YES;
				CLANG_WARN_SUSPICIOUS_MOVE = YES;
				CLANG_WARN_UNGUARDED_AVAILABILITY = YES_AGGRESSIVE;
				CLANG_WARN_UNREACHABLE_CODE = YES;
				CLANG_WARN__DUPLICATE_METHOD_MATCH = YES;
				COPY_PHASE_STRIP = NO;
				DEBUG_INFORMATION_FORMAT = dwarf;
				ENABLE_STRICT_OBJC_MSGSEND = YES;
				ENABLE_TESTABILITY = YES;
				ENABLE_USER_SCRIPT_SANDBOXING = YES;
				GCC_C_LANGUAGE_STANDARD = gnu17;
				GCC_DYNAMIC_NO_PIC = NO;
				GCC_NO_COMMON_BLOCKS = YES;
				GCC_OPTIMIZATION_LEVEL = 0;
				GCC_PREPROCESSOR_DEFINITIONS = (
					"DEBUG=1",
					"$(inherited)",
				);
				GCC_WARN_64_TO_32_BIT_CONVERSION = YES;
				GCC_WARN_ABOUT_RETURN_TYPE = YES_ERROR;
				GCC_WARN_UNDECLARED_SELECTOR = YES;
				GCC_WARN_UNINITIALIZED_AUTOS = YES_AGGRESSIVE;
				GCC_WARN_UNUSED_FUNCTION = YES;
				GCC_WARN_UNUSED_VARIABLE = YES;
				IPHONEOS_DEPLOYMENT_TARGET = 16.4;
				LOCALIZATION_PREFERS_STRING_CATALOGS = YES;
				MTL_ENABLE_DEBUG_INFO = INCLUDE_SOURCE;
				MTL_FAST_MATH = YES;
				ONLY_ACTIVE_ARCH = YES;
				SDKROOT = iphoneos;
				SWIFT_ACTIVE_COMPILATION_CONDITIONS = "DEBUG $(inherited)";
				SWIFT_OPTIMIZATION_LEVEL = "-Onone";
			};
			name = Debug;
		};
		7DD977212C6756C8008831EA /* Release */ = {
			isa = XCBuildConfiguration;
			buildSettings = {
				ALWAYS_SEARCH_USER_PATHS = NO;
				ASSETCATALOG_COMPILER_GENERATE_SWIFT_ASSET_SYMBOL_EXTENSIONS = YES;
				CLANG_ANALYZER_NONNULL = YES;
				CLANG_ANALYZER_NUMBER_OBJECT_CONVERSION = YES_AGGRESSIVE;
				CLANG_CXX_LANGUAGE_STANDARD = "gnu++20";
				CLANG_ENABLE_MODULES = YES;
				CLANG_ENABLE_OBJC_ARC = YES;
				CLANG_ENABLE_OBJC_WEAK = YES;
				CLANG_WARN_BLOCK_CAPTURE_AUTORELEASING = YES;
				CLANG_WARN_BOOL_CONVERSION = YES;
				CLANG_WARN_COMMA = YES;
				CLANG_WARN_CONSTANT_CONVERSION = YES;
				CLANG_WARN_DEPRECATED_OBJC_IMPLEMENTATIONS = YES;
				CLANG_WARN_DIRECT_OBJC_ISA_USAGE = YES_ERROR;
				CLANG_WARN_DOCUMENTATION_COMMENTS = YES;
				CLANG_WARN_EMPTY_BODY = YES;
				CLANG_WARN_ENUM_CONVERSION = YES;
				CLANG_WARN_INFINITE_RECURSION = YES;
				CLANG_WARN_INT_CONVERSION = YES;
				CLANG_WARN_NON_LITERAL_NULL_CONVERSION = YES;
				CLANG_WARN_OBJC_IMPLICIT_RETAIN_SELF = YES;
				CLANG_WARN_OBJC_LITERAL_CONVERSION = YES;
				CLANG_WARN_OBJC_ROOT_CLASS = YES_ERROR;
				CLANG_WARN_QUOTED_INCLUDE_IN_FRAMEWORK_HEADER = YES;
				CLANG_WARN_RANGE_LOOP_ANALYSIS = YES;
				CLANG_WARN_STRICT_PROTOTYPES = YES;
				CLANG_WARN_SUSPICIOUS_MOVE = YES;
				CLANG_WARN_UNGUARDED_AVAILABILITY = YES_AGGRESSIVE;
				CLANG_WARN_UNREACHABLE_CODE = YES;
				CLANG_WARN__DUPLICATE_METHOD_MATCH = YES;
				COPY_PHASE_STRIP = NO;
				DEBUG_INFORMATION_FORMAT = "dwarf-with-dsym";
				ENABLE_NS_ASSERTIONS = NO;
				ENABLE_STRICT_OBJC_MSGSEND = YES;
				ENABLE_USER_SCRIPT_SANDBOXING = YES;
				GCC_C_LANGUAGE_STANDARD = gnu17;
				GCC_NO_COMMON_BLOCKS = YES;
				GCC_WARN_64_TO_32_BIT_CONVERSION = YES;
				GCC_WARN_ABOUT_RETURN_TYPE = YES_ERROR;
				GCC_WARN_UNDECLARED_SELECTOR = YES;
				GCC_WARN_UNINITIALIZED_AUTOS = YES_AGGRESSIVE;
				GCC_WARN_UNUSED_FUNCTION = YES;
				GCC_WARN_UNUSED_VARIABLE = YES;
				IPHONEOS_DEPLOYMENT_TARGET = 16.4;
				LOCALIZATION_PREFERS_STRING_CATALOGS = YES;
				MTL_ENABLE_DEBUG_INFO = NO;
				MTL_FAST_MATH = YES;
				SDKROOT = iphoneos;
				SWIFT_COMPILATION_MODE = wholemodule;
				VALIDATE_PRODUCT = YES;
			};
			name = Release;
		};
		7DD977232C6756C8008831EA /* Debug */ = {
			isa = XCBuildConfiguration;
			buildSettings = {
				ASSETCATALOG_COMPILER_APPICON_NAME = AppIcon;
				ASSETCATALOG_COMPILER_GLOBAL_ACCENT_COLOR_NAME = AccentColor;
				CODE_SIGN_STYLE = Automatic;
				CURRENT_PROJECT_VERSION = 1;
				DEVELOPMENT_ASSET_PATHS = "\"orderList/Preview Content\"";
				DEVELOPMENT_TEAM = Q584Y8R5N9;
				ENABLE_PREVIEWS = YES;
				GENERATE_INFOPLIST_FILE = YES;
				INFOPLIST_KEY_UIApplicationSceneManifest_Generation = YES;
				INFOPLIST_KEY_UIApplicationSupportsIndirectInputEvents = YES;
				INFOPLIST_KEY_UILaunchScreen_Generation = YES;
				INFOPLIST_KEY_UISupportedInterfaceOrientations = UIInterfaceOrientationPortrait;
				IPHONEOS_DEPLOYMENT_TARGET = 16.4;
				LD_RUNPATH_SEARCH_PATHS = (
					"$(inherited)",
					"@executable_path/Frameworks",
				);
				MARKETING_VERSION = 1.0;
				PRODUCT_BUNDLE_IDENTIFIER = v.orderList;
				PRODUCT_NAME = "$(TARGET_NAME)";
				SWIFT_EMIT_LOC_STRINGS = YES;
				SWIFT_VERSION = 5.0;
				TARGETED_DEVICE_FAMILY = "1,2";
			};
			name = Debug;
		};
		7DD977242C6756C8008831EA /* Release */ = {
			isa = XCBuildConfiguration;
			buildSettings = {
				ASSETCATALOG_COMPILER_APPICON_NAME = AppIcon;
				ASSETCATALOG_COMPILER_GLOBAL_ACCENT_COLOR_NAME = AccentColor;
				CODE_SIGN_STYLE = Automatic;
				CURRENT_PROJECT_VERSION = 1;
				DEVELOPMENT_ASSET_PATHS = "\"orderList/Preview Content\"";
				DEVELOPMENT_TEAM = Q584Y8R5N9;
				ENABLE_PREVIEWS = YES;
				GENERATE_INFOPLIST_FILE = YES;
				INFOPLIST_KEY_UIApplicationSceneManifest_Generation = YES;
				INFOPLIST_KEY_UIApplicationSupportsIndirectInputEvents = YES;
				INFOPLIST_KEY_UILaunchScreen_Generation = YES;
				INFOPLIST_KEY_UISupportedInterfaceOrientations = UIInterfaceOrientationPortrait;
				IPHONEOS_DEPLOYMENT_TARGET = 16.4;
				LD_RUNPATH_SEARCH_PATHS = (
					"$(inherited)",
					"@executable_path/Frameworks",
				);
				MARKETING_VERSION = 1.0;
				PRODUCT_BUNDLE_IDENTIFIER = v.orderList;
				PRODUCT_NAME = "$(TARGET_NAME)";
				SWIFT_EMIT_LOC_STRINGS = YES;
				SWIFT_VERSION = 5.0;
				TARGETED_DEVICE_FAMILY = "1,2";
			};
			name = Release;
		};
/* End XCBuildConfiguration section */

/* Begin XCConfigurationList section */
		7DD9770F2C6756C6008831EA /* Build configuration list for PBXProject "orderList" */ = {
			isa = XCConfigurationList;
			buildConfigurations = (
				7DD977202C6756C8008831EA /* Debug */,
				7DD977212C6756C8008831EA /* Release */,
			);
			defaultConfigurationIsVisible = 0;
			defaultConfigurationName = Release;
		};
		7DD977222C6756C8008831EA /* Build configuration list for PBXNativeTarget "orderList" */ = {
			isa = XCConfigurationList;
			buildConfigurations = (
				7DD977232C6756C8008831EA /* Debug */,
				7DD977242C6756C8008831EA /* Release */,
			);
			defaultConfigurationIsVisible = 0;
			defaultConfigurationName = Release;
		};
/* End XCConfigurationList section */

/* Begin XCSwiftPackageProductDependency section */
		7DD977352C6773E6008831EA /* Utils */ = {
			isa = XCSwiftPackageProductDependency;
			productName = Utils;
		};
/* End XCSwiftPackageProductDependency section */
	};
	rootObject = 7DD9770C2C6756C6008831EA /* Project object */;
}
